// !$*UTF8*$!
{
	archiveVersion = 1;
	classes = {
	};
	objectVersion = 46;
	objects = {

/* Begin PBXBuildFile section */
		0C65D4B8199B117E00FFDFBA /* Foundation.framework in Frameworks */ = {isa = PBXBuildFile; fileRef = 0C65D4B7199B117E00FFDFBA /* Foundation.framework */; };
		0C65D4BA199B117E00FFDFBA /* CoreGraphics.framework in Frameworks */ = {isa = PBXBuildFile; fileRef = 0C65D4B9199B117E00FFDFBA /* CoreGraphics.framework */; };
		0C65D4BC199B117E00FFDFBA /* UIKit.framework in Frameworks */ = {isa = PBXBuildFile; fileRef = 0C65D4BB199B117E00FFDFBA /* UIKit.framework */; };
		0C65D4C2199B117E00FFDFBA /* InfoPlist.strings in Resources */ = {isa = PBXBuildFile; fileRef = 0C65D4C0199B117E00FFDFBA /* InfoPlist.strings */; };
		0C65D4C4199B117E00FFDFBA /* main.m in Sources */ = {isa = PBXBuildFile; fileRef = 0C65D4C3199B117E00FFDFBA /* main.m */; };
		0C65D4C8199B117E00FFDFBA /* FNAppDelegate.m in Sources */ = {isa = PBXBuildFile; fileRef = 0C65D4C7199B117E00FFDFBA /* FNAppDelegate.m */; };
		0C65D4CA199B117E00FFDFBA /* Images.xcassets in Resources */ = {isa = PBXBuildFile; fileRef = 0C65D4C9199B117E00FFDFBA /* Images.xcassets */; };
		0C65D4D1199B117E00FFDFBA /* XCTest.framework in Frameworks */ = {isa = PBXBuildFile; fileRef = 0C65D4D0199B117E00FFDFBA /* XCTest.framework */; };
		0C65D4D2199B117E00FFDFBA /* Foundation.framework in Frameworks */ = {isa = PBXBuildFile; fileRef = 0C65D4B7199B117E00FFDFBA /* Foundation.framework */; };
		0C65D4D3199B117E00FFDFBA /* UIKit.framework in Frameworks */ = {isa = PBXBuildFile; fileRef = 0C65D4BB199B117E00FFDFBA /* UIKit.framework */; };
		0C65D4DB199B117E00FFDFBA /* InfoPlist.strings in Resources */ = {isa = PBXBuildFile; fileRef = 0C65D4D9199B117E00FFDFBA /* InfoPlist.strings */; };
		0C65D4DD199B117E00FFDFBA /* FormattedNumbersTests.m in Sources */ = {isa = PBXBuildFile; fileRef = 0C65D4DC199B117E00FFDFBA /* FormattedNumbersTests.m */; };
		0C93DD0119B062930018FE1D /* FNAbbreviationCutOff.m in Sources */ = {isa = PBXBuildFile; fileRef = 0C93DCF019B062920018FE1D /* FNAbbreviationCutOff.m */; };
		0C93DD0219B062930018FE1D /* FNCutOff.m in Sources */ = {isa = PBXBuildFile; fileRef = 0C93DCF219B062920018FE1D /* FNCutOff.m */; };
		0C93DD0319B062930018FE1D /* FNRoundingCutOff.m in Sources */ = {isa = PBXBuildFile; fileRef = 0C93DCF419B062920018FE1D /* FNRoundingCutOff.m */; };
		0C93DD0419B062930018FE1D /* FNModel.m in Sources */ = {isa = PBXBuildFile; fileRef = 0C93DCF819B062920018FE1D /* FNModel.m */; };
		0C93DD0519B062930018FE1D /* FNMoney.m in Sources */ = {isa = PBXBuildFile; fileRef = 0C93DCFA19B062930018FE1D /* FNMoney.m */; };
		0C93DD0719B062930018FE1D /* FNPercentage.m in Sources */ = {isa = PBXBuildFile; fileRef = 0C93DCFE19B062930018FE1D /* FNPercentage.m */; };
		0C93DD0819B062930018FE1D /* FNQuantity.m in Sources */ = {isa = PBXBuildFile; fileRef = 0C93DD0019B062930018FE1D /* FNQuantity.m */; };
		0CE18D8519B32E4B004783CA /* FNExamplesTableViewController.m in Sources */ = {isa = PBXBuildFile; fileRef = 0CE18D8419B32E4B004783CA /* FNExamplesTableViewController.m */; };
		0CE18D8B19B32FA1004783CA /* FNTableViewCell.m in Sources */ = {isa = PBXBuildFile; fileRef = 0CE18D8719B32FA1004783CA /* FNTableViewCell.m */; };
		0CE18D8C19B32FA1004783CA /* FNTableViewController.m in Sources */ = {isa = PBXBuildFile; fileRef = 0CE18D8919B32FA1004783CA /* FNTableViewController.m */; };
		0CE18D8D19B32FA1004783CA /* MainStoryboard.storyboard in Resources */ = {isa = PBXBuildFile; fileRef = 0CE18D8A19B32FA1004783CA /* MainStoryboard.storyboard */; };
		0CE18D9019B3300D004783CA /* FNExample.m in Sources */ = {isa = PBXBuildFile; fileRef = 0CE18D8F19B3300D004783CA /* FNExample.m */; };
		0CE18D9319B33618004783CA /* FNExampleTableViewCell.m in Sources */ = {isa = PBXBuildFile; fileRef = 0CE18D9219B33618004783CA /* FNExampleTableViewCell.m */; };
/* End PBXBuildFile section */

/* Begin PBXContainerItemProxy section */
		0C65D4D4199B117E00FFDFBA /* PBXContainerItemProxy */ = {
			isa = PBXContainerItemProxy;
			containerPortal = 0C65D4AC199B117D00FFDFBA /* Project object */;
			proxyType = 1;
			remoteGlobalIDString = 0C65D4B3199B117E00FFDFBA;
			remoteInfo = FormattedNumbers;
		};
/* End PBXContainerItemProxy section */

/* Begin PBXFileReference section */
		0C65D4B4199B117E00FFDFBA /* FormattedNumbers.app */ = {isa = PBXFileReference; explicitFileType = wrapper.application; includeInIndex = 0; path = FormattedNumbers.app; sourceTree = BUILT_PRODUCTS_DIR; };
		0C65D4B7199B117E00FFDFBA /* Foundation.framework */ = {isa = PBXFileReference; lastKnownFileType = wrapper.framework; name = Foundation.framework; path = System/Library/Frameworks/Foundation.framework; sourceTree = SDKROOT; };
		0C65D4B9199B117E00FFDFBA /* CoreGraphics.framework */ = {isa = PBXFileReference; lastKnownFileType = wrapper.framework; name = CoreGraphics.framework; path = System/Library/Frameworks/CoreGraphics.framework; sourceTree = SDKROOT; };
		0C65D4BB199B117E00FFDFBA /* UIKit.framework */ = {isa = PBXFileReference; lastKnownFileType = wrapper.framework; name = UIKit.framework; path = System/Library/Frameworks/UIKit.framework; sourceTree = SDKROOT; };
		0C65D4BF199B117E00FFDFBA /* FormattedNumbers-Info.plist */ = {isa = PBXFileReference; lastKnownFileType = text.plist.xml; path = "FormattedNumbers-Info.plist"; sourceTree = "<group>"; };
		0C65D4C1199B117E00FFDFBA /* en */ = {isa = PBXFileReference; lastKnownFileType = text.plist.strings; name = en; path = en.lproj/InfoPlist.strings; sourceTree = "<group>"; };
		0C65D4C3199B117E00FFDFBA /* main.m */ = {isa = PBXFileReference; lastKnownFileType = sourcecode.c.objc; path = main.m; sourceTree = "<group>"; };
		0C65D4C5199B117E00FFDFBA /* FormattedNumbers-Prefix.pch */ = {isa = PBXFileReference; lastKnownFileType = sourcecode.c.h; path = "FormattedNumbers-Prefix.pch"; sourceTree = "<group>"; };
		0C65D4C6199B117E00FFDFBA /* FNAppDelegate.h */ = {isa = PBXFileReference; lastKnownFileType = sourcecode.c.h; path = FNAppDelegate.h; sourceTree = "<group>"; };
		0C65D4C7199B117E00FFDFBA /* FNAppDelegate.m */ = {isa = PBXFileReference; lastKnownFileType = sourcecode.c.objc; path = FNAppDelegate.m; sourceTree = "<group>"; };
		0C65D4C9199B117E00FFDFBA /* Images.xcassets */ = {isa = PBXFileReference; lastKnownFileType = folder.assetcatalog; path = Images.xcassets; sourceTree = "<group>"; };
		0C65D4CF199B117E00FFDFBA /* FormattedNumbersTests.xctest */ = {isa = PBXFileReference; explicitFileType = wrapper.cfbundle; includeInIndex = 0; path = FormattedNumbersTests.xctest; sourceTree = BUILT_PRODUCTS_DIR; };
		0C65D4D0199B117E00FFDFBA /* XCTest.framework */ = {isa = PBXFileReference; lastKnownFileType = wrapper.framework; name = XCTest.framework; path = Library/Frameworks/XCTest.framework; sourceTree = DEVELOPER_DIR; };
		0C65D4D8199B117E00FFDFBA /* FormattedNumbersTests-Info.plist */ = {isa = PBXFileReference; lastKnownFileType = text.plist.xml; path = "FormattedNumbersTests-Info.plist"; sourceTree = "<group>"; };
		0C65D4DA199B117E00FFDFBA /* en */ = {isa = PBXFileReference; lastKnownFileType = text.plist.strings; name = en; path = en.lproj/InfoPlist.strings; sourceTree = "<group>"; };
		0C65D4DC199B117E00FFDFBA /* FormattedNumbersTests.m */ = {isa = PBXFileReference; lastKnownFileType = sourcecode.c.objc; path = FormattedNumbersTests.m; sourceTree = "<group>"; };
		0C93DCEE19B062920018FE1D /* FC.h */ = {isa = PBXFileReference; fileEncoding = 4; lastKnownFileType = sourcecode.c.h; path = FC.h; sourceTree = "<group>"; };
		0C93DCEF19B062920018FE1D /* FNAbbreviationCutOff.h */ = {isa = PBXFileReference; fileEncoding = 4; lastKnownFileType = sourcecode.c.h; path = FNAbbreviationCutOff.h; sourceTree = "<group>"; };
		0C93DCF019B062920018FE1D /* FNAbbreviationCutOff.m */ = {isa = PBXFileReference; fileEncoding = 4; lastKnownFileType = sourcecode.c.objc; path = FNAbbreviationCutOff.m; sourceTree = "<group>"; };
		0C93DCF119B062920018FE1D /* FNCutOff.h */ = {isa = PBXFileReference; fileEncoding = 4; lastKnownFileType = sourcecode.c.h; path = FNCutOff.h; sourceTree = "<group>"; };
		0C93DCF219B062920018FE1D /* FNCutOff.m */ = {isa = PBXFileReference; fileEncoding = 4; lastKnownFileType = sourcecode.c.objc; path = FNCutOff.m; sourceTree = "<group>"; };
		0C93DCF319B062920018FE1D /* FNRoundingCutOff.h */ = {isa = PBXFileReference; fileEncoding = 4; lastKnownFileType = sourcecode.c.h; path = FNRoundingCutOff.h; sourceTree = "<group>"; };
		0C93DCF419B062920018FE1D /* FNRoundingCutOff.m */ = {isa = PBXFileReference; fileEncoding = 4; lastKnownFileType = sourcecode.c.objc; path = FNRoundingCutOff.m; sourceTree = "<group>"; };
		0C93DCF519B062920018FE1D /* FN.h */ = {isa = PBXFileReference; fileEncoding = 4; lastKnownFileType = sourcecode.c.h; path = FN.h; sourceTree = "<group>"; };
		0C93DCF619B062920018FE1D /* FNModel+Private.h */ = {isa = PBXFileReference; fileEncoding = 4; lastKnownFileType = sourcecode.c.h; path = "FNModel+Private.h"; sourceTree = "<group>"; };
		0C93DCF719B062920018FE1D /* FNModel.h */ = {isa = PBXFileReference; fileEncoding = 4; lastKnownFileType = sourcecode.c.h; path = FNModel.h; sourceTree = "<group>"; };
		0C93DCF819B062920018FE1D /* FNModel.m */ = {isa = PBXFileReference; fileEncoding = 4; lastKnownFileType = sourcecode.c.objc; path = FNModel.m; sourceTree = "<group>"; };
		0C93DCF919B062920018FE1D /* FNMoney.h */ = {isa = PBXFileReference; fileEncoding = 4; lastKnownFileType = sourcecode.c.h; path = FNMoney.h; sourceTree = "<group>"; };
		0C93DCFA19B062930018FE1D /* FNMoney.m */ = {isa = PBXFileReference; fileEncoding = 4; lastKnownFileType = sourcecode.c.objc; path = FNMoney.m; sourceTree = "<group>"; };
		0C93DCFD19B062930018FE1D /* FNPercentage.h */ = {isa = PBXFileReference; fileEncoding = 4; lastKnownFileType = sourcecode.c.h; path = FNPercentage.h; sourceTree = "<group>"; };
		0C93DCFE19B062930018FE1D /* FNPercentage.m */ = {isa = PBXFileReference; fileEncoding = 4; lastKnownFileType = sourcecode.c.objc; path = FNPercentage.m; sourceTree = "<group>"; };
		0C93DCFF19B062930018FE1D /* FNQuantity.h */ = {isa = PBXFileReference; fileEncoding = 4; lastKnownFileType = sourcecode.c.h; path = FNQuantity.h; sourceTree = "<group>"; };
		0C93DD0019B062930018FE1D /* FNQuantity.m */ = {isa = PBXFileReference; fileEncoding = 4; lastKnownFileType = sourcecode.c.objc; path = FNQuantity.m; sourceTree = "<group>"; };
		0CE18D8319B32E4B004783CA /* FNExamplesTableViewController.h */ = {isa = PBXFileReference; fileEncoding = 4; lastKnownFileType = sourcecode.c.h; path = FNExamplesTableViewController.h; sourceTree = "<group>"; };
		0CE18D8419B32E4B004783CA /* FNExamplesTableViewController.m */ = {isa = PBXFileReference; fileEncoding = 4; lastKnownFileType = sourcecode.c.objc; path = FNExamplesTableViewController.m; sourceTree = "<group>"; };
		0CE18D8619B32FA1004783CA /* FNTableViewCell.h */ = {isa = PBXFileReference; fileEncoding = 4; lastKnownFileType = sourcecode.c.h; path = FNTableViewCell.h; sourceTree = "<group>"; };
		0CE18D8719B32FA1004783CA /* FNTableViewCell.m */ = {isa = PBXFileReference; fileEncoding = 4; lastKnownFileType = sourcecode.c.objc; path = FNTableViewCell.m; sourceTree = "<group>"; };
		0CE18D8819B32FA1004783CA /* FNTableViewController.h */ = {isa = PBXFileReference; fileEncoding = 4; lastKnownFileType = sourcecode.c.h; path = FNTableViewController.h; sourceTree = "<group>"; };
		0CE18D8919B32FA1004783CA /* FNTableViewController.m */ = {isa = PBXFileReference; fileEncoding = 4; lastKnownFileType = sourcecode.c.objc; path = FNTableViewController.m; sourceTree = "<group>"; };
		0CE18D8A19B32FA1004783CA /* MainStoryboard.storyboard */ = {isa = PBXFileReference; fileEncoding = 4; lastKnownFileType = file.storyboard; path = MainStoryboard.storyboard; sourceTree = "<group>"; };
		0CE18D8E19B3300D004783CA /* FNExample.h */ = {isa = PBXFileReference; fileEncoding = 4; lastKnownFileType = sourcecode.c.h; path = FNExample.h; sourceTree = "<group>"; };
		0CE18D8F19B3300D004783CA /* FNExample.m */ = {isa = PBXFileReference; fileEncoding = 4; lastKnownFileType = sourcecode.c.objc; path = FNExample.m; sourceTree = "<group>"; };
		0CE18D9119B33618004783CA /* FNExampleTableViewCell.h */ = {isa = PBXFileReference; fileEncoding = 4; lastKnownFileType = sourcecode.c.h; path = FNExampleTableViewCell.h; sourceTree = "<group>"; };
		0CE18D9219B33618004783CA /* FNExampleTableViewCell.m */ = {isa = PBXFileReference; fileEncoding = 4; lastKnownFileType = sourcecode.c.objc; path = FNExampleTableViewCell.m; sourceTree = "<group>"; };
/* End PBXFileReference section */

/* Begin PBXFrameworksBuildPhase section */
		0C65D4B1199B117E00FFDFBA /* Frameworks */ = {
			isa = PBXFrameworksBuildPhase;
			buildActionMask = 2147483647;
			files = (
				0C65D4BA199B117E00FFDFBA /* CoreGraphics.framework in Frameworks */,
				0C65D4BC199B117E00FFDFBA /* UIKit.framework in Frameworks */,
				0C65D4B8199B117E00FFDFBA /* Foundation.framework in Frameworks */,
			);
			runOnlyForDeploymentPostprocessing = 0;
		};
		0C65D4CC199B117E00FFDFBA /* Frameworks */ = {
			isa = PBXFrameworksBuildPhase;
			buildActionMask = 2147483647;
			files = (
				0C65D4D1199B117E00FFDFBA /* XCTest.framework in Frameworks */,
				0C65D4D3199B117E00FFDFBA /* UIKit.framework in Frameworks */,
				0C65D4D2199B117E00FFDFBA /* Foundation.framework in Frameworks */,
			);
			runOnlyForDeploymentPostprocessing = 0;
		};
/* End PBXFrameworksBuildPhase section */

/* Begin PBXGroup section */
		0C65D4AB199B117D00FFDFBA = {
			isa = PBXGroup;
			children = (
				0C65D4BD199B117E00FFDFBA /* FormattedNumbers */,
				0C65D4D6199B117E00FFDFBA /* FormattedNumbersTests */,
				0C65D4B6199B117E00FFDFBA /* Frameworks */,
				0C65D4B5199B117E00FFDFBA /* Products */,
			);
			sourceTree = "<group>";
		};
		0C65D4B5199B117E00FFDFBA /* Products */ = {
			isa = PBXGroup;
			children = (
				0C65D4B4199B117E00FFDFBA /* FormattedNumbers.app */,
				0C65D4CF199B117E00FFDFBA /* FormattedNumbersTests.xctest */,
			);
			name = Products;
			sourceTree = "<group>";
		};
		0C65D4B6199B117E00FFDFBA /* Frameworks */ = {
			isa = PBXGroup;
			children = (
				0C65D4B7199B117E00FFDFBA /* Foundation.framework */,
				0C65D4B9199B117E00FFDFBA /* CoreGraphics.framework */,
				0C65D4BB199B117E00FFDFBA /* UIKit.framework */,
				0C65D4D0199B117E00FFDFBA /* XCTest.framework */,
			);
			name = Frameworks;
			sourceTree = "<group>";
		};
		0C65D4BD199B117E00FFDFBA /* FormattedNumbers */ = {
			isa = PBXGroup;
			children = (
				0CE18D8219B32E35004783CA /* Examples */,
				0C93DCEC19B062920018FE1D /* Code */,
				0C65D4C6199B117E00FFDFBA /* FNAppDelegate.h */,
				0C65D4C7199B117E00FFDFBA /* FNAppDelegate.m */,
				0C65D4C9199B117E00FFDFBA /* Images.xcassets */,
				0C65D4BE199B117E00FFDFBA /* Supporting Files */,
			);
			path = FormattedNumbers;
			sourceTree = "<group>";
		};
		0C65D4BE199B117E00FFDFBA /* Supporting Files */ = {
			isa = PBXGroup;
			children = (
				0C65D4BF199B117E00FFDFBA /* FormattedNumbers-Info.plist */,
				0C65D4C0199B117E00FFDFBA /* InfoPlist.strings */,
				0C65D4C3199B117E00FFDFBA /* main.m */,
				0C65D4C5199B117E00FFDFBA /* FormattedNumbers-Prefix.pch */,
			);
			name = "Supporting Files";
			sourceTree = "<group>";
		};
		0C65D4D6199B117E00FFDFBA /* FormattedNumbersTests */ = {
			isa = PBXGroup;
			children = (
				0C65D4DC199B117E00FFDFBA /* FormattedNumbersTests.m */,
				0C65D4D7199B117E00FFDFBA /* Supporting Files */,
			);
			path = FormattedNumbersTests;
			sourceTree = "<group>";
		};
		0C65D4D7199B117E00FFDFBA /* Supporting Files */ = {
			isa = PBXGroup;
			children = (
				0C65D4D8199B117E00FFDFBA /* FormattedNumbersTests-Info.plist */,
				0C65D4D9199B117E00FFDFBA /* InfoPlist.strings */,
			);
			name = "Supporting Files";
			sourceTree = "<group>";
		};
		0C93DCEC19B062920018FE1D /* Code */ = {
			isa = PBXGroup;
			children = (
				0C93DCED19B062920018FE1D /* CutOffs */,
				0C93DCF519B062920018FE1D /* FN.h */,
				0C93DCF619B062920018FE1D /* FNModel+Private.h */,
				0C93DCF719B062920018FE1D /* FNModel.h */,
				0C93DCF819B062920018FE1D /* FNModel.m */,
				0C93DCF919B062920018FE1D /* FNMoney.h */,
				0C93DCFA19B062930018FE1D /* FNMoney.m */,
				0C93DCFD19B062930018FE1D /* FNPercentage.h */,
				0C93DCFE19B062930018FE1D /* FNPercentage.m */,
				0C93DCFF19B062930018FE1D /* FNQuantity.h */,
				0C93DD0019B062930018FE1D /* FNQuantity.m */,
			);
			path = Code;
			sourceTree = "<group>";
		};
		0C93DCED19B062920018FE1D /* CutOffs */ = {
			isa = PBXGroup;
			children = (
				0C93DCEE19B062920018FE1D /* FC.h */,
				0C93DCEF19B062920018FE1D /* FNAbbreviationCutOff.h */,
				0C93DCF019B062920018FE1D /* FNAbbreviationCutOff.m */,
				0C93DCF119B062920018FE1D /* FNCutOff.h */,
				0C93DCF219B062920018FE1D /* FNCutOff.m */,
				0C93DCF319B062920018FE1D /* FNRoundingCutOff.h */,
				0C93DCF419B062920018FE1D /* FNRoundingCutOff.m */,
			);
			path = CutOffs;
			sourceTree = "<group>";
		};
		0CE18D8219B32E35004783CA /* Examples */ = {
			isa = PBXGroup;
			children = (
				0CE18D8E19B3300D004783CA /* FNExample.h */,
				0CE18D8F19B3300D004783CA /* FNExample.m */,
				0CE18D8319B32E4B004783CA /* FNExamplesTableViewController.h */,
				0CE18D8419B32E4B004783CA /* FNExamplesTableViewController.m */,
				0CE18D9119B33618004783CA /* FNExampleTableViewCell.h */,
				0CE18D9219B33618004783CA /* FNExampleTableViewCell.m */,
				0CE18D8619B32FA1004783CA /* FNTableViewCell.h */,
				0CE18D8719B32FA1004783CA /* FNTableViewCell.m */,
				0CE18D8819B32FA1004783CA /* FNTableViewController.h */,
				0CE18D8919B32FA1004783CA /* FNTableViewController.m */,
				0CE18D8A19B32FA1004783CA /* MainStoryboard.storyboard */,
			);
			path = Examples;
			sourceTree = "<group>";
		};
/* End PBXGroup section */

/* Begin PBXNativeTarget section */
		0C65D4B3199B117E00FFDFBA /* FormattedNumbers */ = {
			isa = PBXNativeTarget;
			buildConfigurationList = 0C65D4E0199B117E00FFDFBA /* Build configuration list for PBXNativeTarget "FormattedNumbers" */;
			buildPhases = (
				0C65D4B0199B117E00FFDFBA /* Sources */,
				0C65D4B1199B117E00FFDFBA /* Frameworks */,
				0C65D4B2199B117E00FFDFBA /* Resources */,
			);
			buildRules = (
			);
			dependencies = (
			);
			name = FormattedNumbers;
			productName = FormattedNumbers;
			productReference = 0C65D4B4199B117E00FFDFBA /* FormattedNumbers.app */;
			productType = "com.apple.product-type.application";
		};
		0C65D4CE199B117E00FFDFBA /* FormattedNumbersTests */ = {
			isa = PBXNativeTarget;
			buildConfigurationList = 0C65D4E3199B117E00FFDFBA /* Build configuration list for PBXNativeTarget "FormattedNumbersTests" */;
			buildPhases = (
				0C65D4CB199B117E00FFDFBA /* Sources */,
				0C65D4CC199B117E00FFDFBA /* Frameworks */,
				0C65D4CD199B117E00FFDFBA /* Resources */,
			);
			buildRules = (
			);
			dependencies = (
				0C65D4D5199B117E00FFDFBA /* PBXTargetDependency */,
			);
			name = FormattedNumbersTests;
			productName = FormattedNumbersTests;
			productReference = 0C65D4CF199B117E00FFDFBA /* FormattedNumbersTests.xctest */;
			productType = "com.apple.product-type.bundle.unit-test";
		};
/* End PBXNativeTarget section */

/* Begin PBXProject section */
		0C65D4AC199B117D00FFDFBA /* Project object */ = {
			isa = PBXProject;
			attributes = {
				CLASSPREFIX = FN;
				LastUpgradeCheck = 0510;
				ORGANIZATIONNAME = CatCyborg;
				TargetAttributes = {
					0C65D4CE199B117E00FFDFBA = {
						TestTargetID = 0C65D4B3199B117E00FFDFBA;
					};
				};
			};
			buildConfigurationList = 0C65D4AF199B117E00FFDFBA /* Build configuration list for PBXProject "FormattedNumbers" */;
			compatibilityVersion = "Xcode 3.2";
			developmentRegion = English;
			hasScannedForEncodings = 0;
			knownRegions = (
				en,
			);
			mainGroup = 0C65D4AB199B117D00FFDFBA;
			productRefGroup = 0C65D4B5199B117E00FFDFBA /* Products */;
			projectDirPath = "";
			projectRoot = "";
			targets = (
				0C65D4B3199B117E00FFDFBA /* FormattedNumbers */,
				0C65D4CE199B117E00FFDFBA /* FormattedNumbersTests */,
			);
		};
/* End PBXProject section */

/* Begin PBXResourcesBuildPhase section */
		0C65D4B2199B117E00FFDFBA /* Resources */ = {
			isa = PBXResourcesBuildPhase;
			buildActionMask = 2147483647;
			files = (
				0CE18D8D19B32FA1004783CA /* MainStoryboard.storyboard in Resources */,
				0C65D4C2199B117E00FFDFBA /* InfoPlist.strings in Resources */,
				0C65D4CA199B117E00FFDFBA /* Images.xcassets in Resources */,
			);
			runOnlyForDeploymentPostprocessing = 0;
		};
		0C65D4CD199B117E00FFDFBA /* Resources */ = {
			isa = PBXResourcesBuildPhase;
			buildActionMask = 2147483647;
			files = (
				0C65D4DB199B117E00FFDFBA /* InfoPlist.strings in Resources */,
			);
			runOnlyForDeploymentPostprocessing = 0;
		};
/* End PBXResourcesBuildPhase section */

/* Begin PBXSourcesBuildPhase section */
		0C65D4B0199B117E00FFDFBA /* Sources */ = {
			isa = PBXSourcesBuildPhase;
			buildActionMask = 2147483647;
			files = (
				0C93DD0319B062930018FE1D /* FNRoundingCutOff.m in Sources */,
				0C93DD0219B062930018FE1D /* FNCutOff.m in Sources */,
				0CE18D9319B33618004783CA /* FNExampleTableViewCell.m in Sources */,
				0C93DD0419B062930018FE1D /* FNModel.m in Sources */,
				0CE18D9019B3300D004783CA /* FNExample.m in Sources */,
				0C65D4C8199B117E00FFDFBA /* FNAppDelegate.m in Sources */,
				0C93DD0519B062930018FE1D /* FNMoney.m in Sources */,
				0CE18D8C19B32FA1004783CA /* FNTableViewController.m in Sources */,
				0C93DD0719B062930018FE1D /* FNPercentage.m in Sources */,
				0CE18D8B19B32FA1004783CA /* FNTableViewCell.m in Sources */,
				0C93DD0819B062930018FE1D /* FNQuantity.m in Sources */,
				0C93DD0119B062930018FE1D /* FNAbbreviationCutOff.m in Sources */,
				0C65D4C4199B117E00FFDFBA /* main.m in Sources */,
				0CE18D8519B32E4B004783CA /* FNExamplesTableViewController.m in Sources */,
			);
			runOnlyForDeploymentPostprocessing = 0;
		};
		0C65D4CB199B117E00FFDFBA /* Sources */ = {
			isa = PBXSourcesBuildPhase;
			buildActionMask = 2147483647;
			files = (
				0C65D4DD199B117E00FFDFBA /* FormattedNumbersTests.m in Sources */,
			);
			runOnlyForDeploymentPostprocessing = 0;
		};
/* End PBXSourcesBuildPhase section */

/* Begin PBXTargetDependency section */
		0C65D4D5199B117E00FFDFBA /* PBXTargetDependency */ = {
			isa = PBXTargetDependency;
			target = 0C65D4B3199B117E00FFDFBA /* FormattedNumbers */;
			targetProxy = 0C65D4D4199B117E00FFDFBA /* PBXContainerItemProxy */;
		};
/* End PBXTargetDependency section */

/* Begin PBXVariantGroup section */
		0C65D4C0199B117E00FFDFBA /* InfoPlist.strings */ = {
			isa = PBXVariantGroup;
			children = (
				0C65D4C1199B117E00FFDFBA /* en */,
			);
			name = InfoPlist.strings;
			sourceTree = "<group>";
		};
		0C65D4D9199B117E00FFDFBA /* InfoPlist.strings */ = {
			isa = PBXVariantGroup;
			children = (
				0C65D4DA199B117E00FFDFBA /* en */,
			);
			name = InfoPlist.strings;
			sourceTree = "<group>";
		};
/* End PBXVariantGroup section */

/* Begin XCBuildConfiguration section */
		0C65D4DE199B117E00FFDFBA /* Debug */ = {
			isa = XCBuildConfiguration;
			buildSettings = {
				ALWAYS_SEARCH_USER_PATHS = NO;
				CLANG_CXX_LANGUAGE_STANDARD = "gnu++0x";
				CLANG_CXX_LIBRARY = "libc++";
				CLANG_ENABLE_MODULES = YES;
				CLANG_ENABLE_OBJC_ARC = YES;
				CLANG_WARN_BOOL_CONVERSION = YES;
				CLANG_WARN_CONSTANT_CONVERSION = YES;
				CLANG_WARN_DIRECT_OBJC_ISA_USAGE = YES_ERROR;
				CLANG_WARN_EMPTY_BODY = YES;
				CLANG_WARN_ENUM_CONVERSION = YES;
				CLANG_WARN_INT_CONVERSION = YES;
				CLANG_WARN_OBJC_ROOT_CLASS = YES_ERROR;
				CLANG_WARN__DUPLICATE_METHOD_MATCH = YES;
				"CODE_SIGN_IDENTITY[sdk=iphoneos*]" = "iPhone Developer";
				COPY_PHASE_STRIP = NO;
				GCC_C_LANGUAGE_STANDARD = gnu99;
				GCC_DYNAMIC_NO_PIC = NO;
				GCC_OPTIMIZATION_LEVEL = 0;
				GCC_PREPROCESSOR_DEFINITIONS = (
					"DEBUG=1",
					"$(inherited)",
				);
				GCC_SYMBOLS_PRIVATE_EXTERN = NO;
				GCC_WARN_64_TO_32_BIT_CONVERSION = YES;
				GCC_WARN_ABOUT_RETURN_TYPE = YES_ERROR;
				GCC_WARN_UNDECLARED_SELECTOR = YES;
				GCC_WARN_UNINITIALIZED_AUTOS = YES_AGGRESSIVE;
				GCC_WARN_UNUSED_FUNCTION = YES;
				GCC_WARN_UNUSED_VARIABLE = YES;
				IPHONEOS_DEPLOYMENT_TARGET = 7.1;
				ONLY_ACTIVE_ARCH = YES;
				SDKROOT = iphoneos;
			};
			name = Debug;
		};
		0C65D4DF199B117E00FFDFBA /* Release */ = {
			isa = XCBuildConfiguration;
			buildSettings = {
				ALWAYS_SEARCH_USER_PATHS = NO;
				CLANG_CXX_LANGUAGE_STANDARD = "gnu++0x";
				CLANG_CXX_LIBRARY = "libc++";
				CLANG_ENABLE_MODULES = YES;
				CLANG_ENABLE_OBJC_ARC = YES;
				CLANG_WARN_BOOL_CONVERSION = YES;
				CLANG_WARN_CONSTANT_CONVERSION = YES;
				CLANG_WARN_DIRECT_OBJC_ISA_USAGE = YES_ERROR;
				CLANG_WARN_EMPTY_BODY = YES;
				CLANG_WARN_ENUM_CONVERSION = YES;
				CLANG_WARN_INT_CONVERSION = YES;
				CLANG_WARN_OBJC_ROOT_CLASS = YES_ERROR;
				CLANG_WARN__DUPLICATE_METHOD_MATCH = YES;
				"CODE_SIGN_IDENTITY[sdk=iphoneos*]" = "iPhone Developer";
				COPY_PHASE_STRIP = YES;
				ENABLE_NS_ASSERTIONS = NO;
				GCC_C_LANGUAGE_STANDARD = gnu99;
				GCC_WARN_64_TO_32_BIT_CONVERSION = YES;
				GCC_WARN_ABOUT_RETURN_TYPE = YES_ERROR;
				GCC_WARN_UNDECLARED_SELECTOR = YES;
				GCC_WARN_UNINITIALIZED_AUTOS = YES_AGGRESSIVE;
				GCC_WARN_UNUSED_FUNCTION = YES;
				GCC_WARN_UNUSED_VARIABLE = YES;
				IPHONEOS_DEPLOYMENT_TARGET = 7.1;
				SDKROOT = iphoneos;
				VALIDATE_PRODUCT = YES;
			};
			name = Release;
		};
		0C65D4E1199B117E00FFDFBA /* Debug */ = {
			isa = XCBuildConfiguration;
			buildSettings = {
				ASSETCATALOG_COMPILER_APPICON_NAME = AppIcon;
				ASSETCATALOG_COMPILER_LAUNCHIMAGE_NAME = LaunchImage;
				CODE_SIGN_IDENTITY = "iPhone Developer";
				GCC_PRECOMPILE_PREFIX_HEADER = YES;
				GCC_PREFIX_HEADER = "FormattedNumbers/FormattedNumbers-Prefix.pch";
				INFOPLIST_FILE = "FormattedNumbers/FormattedNumbers-Info.plist";
				PRODUCT_NAME = "$(TARGET_NAME)";
				WRAPPER_EXTENSION = app;
			};
			name = Debug;
		};
		0C65D4E2199B117E00FFDFBA /* Release */ = {
			isa = XCBuildConfiguration;
			buildSettings = {
				ASSETCATALOG_COMPILER_APPICON_NAME = AppIcon;
				ASSETCATALOG_COMPILER_LAUNCHIMAGE_NAME = LaunchImage;
				CODE_SIGN_IDENTITY = "iPhone Developer";
				GCC_PRECOMPILE_PREFIX_HEADER = YES;
				GCC_PREFIX_HEADER = "FormattedNumbers/FormattedNumbers-Prefix.pch";
				INFOPLIST_FILE = "FormattedNumbers/FormattedNumbers-Info.plist";
				PRODUCT_NAME = "$(TARGET_NAME)";
				WRAPPER_EXTENSION = app;
			};
			name = Release;
		};
		0C65D4E4199B117E00FFDFBA /* Debug */ = {
			isa = XCBuildConfiguration;
			buildSettings = {
				BUNDLE_LOADER = "$(BUILT_PRODUCTS_DIR)/FormattedNumbers.app/FormattedNumbers";
				FRAMEWORK_SEARCH_PATHS = (
					"$(SDKROOT)/Developer/Library/Frameworks",
					"$(inherited)",
					"$(DEVELOPER_FRAMEWORKS_DIR)",
				);
				GCC_PRECOMPILE_PREFIX_HEADER = YES;
				GCC_PREFIX_HEADER = "FormattedNumbers/FormattedNumbers-Prefix.pch";
				GCC_PREPROCESSOR_DEFINITIONS = (
					"DEBUG=1",
					"$(inherited)",
				);
				INFOPLIST_FILE = "FormattedNumbersTests/FormattedNumbersTests-Info.plist";
				PRODUCT_NAME = "$(TARGET_NAME)";
				TEST_HOST = "$(BUNDLE_LOADER)";
				WRAPPER_EXTENSION = xctest;
			};
			name = Debug;
		};
		0C65D4E5199B117E00FFDFBA /* Release */ = {
			isa = XCBuildConfiguration;
			buildSettings = {
				BUNDLE_LOADER = "$(BUILT_PRODUCTS_DIR)/FormattedNumbers.app/FormattedNumbers";
				FRAMEWORK_SEARCH_PATHS = (
					"$(SDKROOT)/Developer/Library/Frameworks",
					"$(inherited)",
					"$(DEVELOPER_FRAMEWORKS_DIR)",
				);
				GCC_PRECOMPILE_PREFIX_HEADER = YES;
				GCC_PREFIX_HEADER = "FormattedNumbers/FormattedNumbers-Prefix.pch";
				INFOPLIST_FILE = "FormattedNumbersTests/FormattedNumbersTests-Info.plist";
				PRODUCT_NAME = "$(TARGET_NAME)";
				TEST_HOST = "$(BUNDLE_LOADER)";
				WRAPPER_EXTENSION = xctest;
			};
			name = Release;
		};
/* End XCBuildConfiguration section */

/* Begin XCConfigurationList section */
		0C65D4AF199B117E00FFDFBA /* Build configuration list for PBXProject "FormattedNumbers" */ = {
			isa = XCConfigurationList;
			buildConfigurations = (
				0C65D4DE199B117E00FFDFBA /* Debug */,
				0C65D4DF199B117E00FFDFBA /* Release */,
			);
			defaultConfigurationIsVisible = 0;
			defaultConfigurationName = Release;
		};
		0C65D4E0199B117E00FFDFBA /* Build configuration list for PBXNativeTarget "FormattedNumbers" */ = {
			isa = XCConfigurationList;
			buildConfigurations = (
				0C65D4E1199B117E00FFDFBA /* Debug */,
				0C65D4E2199B117E00FFDFBA /* Release */,
			);
			defaultConfigurationIsVisible = 0;
			defaultConfigurationName = Release;
		};
		0C65D4E3199B117E00FFDFBA /* Build configuration list for PBXNativeTarget "FormattedNumbersTests" */ = {
			isa = XCConfigurationList;
			buildConfigurations = (
				0C65D4E4199B117E00FFDFBA /* Debug */,
				0C65D4E5199B117E00FFDFBA /* Release */,
			);
			defaultConfigurationIsVisible = 0;
			defaultConfigurationName = Release;
		};
/* End XCConfigurationList section */
	};
	rootObject = 0C65D4AC199B117D00FFDFBA /* Project object */;
}
